
Microsoft Visual Studio Solution File, Format Version 12.00
# Visual Studio Version 17
VisualStudioVersion = 17.13.35919.96 d17.13
MinimumVisualStudioVersion = 10.0.40219.1
Project("{FAE04EC0-301F-11D3-BF4B-00C04F79EFBC}") = "Producer", "Producer\Producer.csproj", "{7C7DC678-D3C8-4EB4-A438-99627BC89F7A}"
EndProject
Global
	GlobalSection(SolutionConfigurationPlatforms) = preSolution
		Debug|Any CPU = Debug|Any CPU
		Release|Any CPU = Release|Any CPU
	EndGlobalSection
	GlobalSection(ProjectConfigurationPlatforms) = postSolution
		{7C7DC678-D3C8-4EB4-A438-99627BC89F7A}.Debug|Any CPU.ActiveCfg = Debug|Any CPU
		{7C7DC678-D3C8-4EB4-A438-99627BC89F7A}.Debug|Any CPU.Build.0 = Debug|Any CPU
		{7C7DC678-D3C8-4EB4-A438-99627BC89F7A}.Release|Any CPU.ActiveCfg = Release|Any CPU
		{7C7DC678-D3C8-4EB4-A438-99627BC89F7A}.Release|Any CPU.Build.0 = Release|Any CPU
	EndGlobalSection
	GlobalSection(SolutionProperties) = preSolution
		HideSolutionNode = FALSE
	EndGlobalSection
	GlobalSection(ExtensibilityGlobals) = postSolution
		SolutionGuid = {DC3D2BF1-D523-4AC8-AE15-2CC4DA82CE50}
	EndGlobalSection
EndGlobal
